{
    "_meta": {
        "hash": {
            "sha256": "b0cf220565ec5d3ab0eb9c013e9b37954c47a2da34d88c2caba89e75e7e85f7f"
        },
        "pipfile-spec": 6,
        "requires": {
            "python_version": "3.7"
        },
        "sources": [
            {
                "name": "pypi",
                "url": "https://pypi.org/simple",
                "verify_ssl": true
            }
        ]
    },
    "default": {
        "django": {
            "hashes": [
                "sha256:068d51054083d06ceb32ce02b7203f1854256047a0d58682677dd4f81bceabd7",
                "sha256:55409a056b27e6d1246f19ede41c6c610e4cab549c005b62cbeefabc6433356b"
            ],
            "index": "pypi",
            "version": "==2.1.4"
        },
        "pytz": {
            "hashes": [
                "sha256:31cb35c89bd7d333cd32c5f278fca91b523b0834369e757f4c5641ea252236ca",
                "sha256:8e0f8568c118d3077b46be7d654cc8167fa916092e28320cde048e54bfc9f1e6"
            ],
            "version": "==2018.7"
        },
        "treelib": {
            "hashes": [
                "sha256:3e4ee4ea22ec9e6e5fe5df4f4d6189a9b2c6c6604bd835d692419466e0312f0a"
            ],
            "index": "pypi",
            "version": "==1.5.3"
        }
    },
    "develop": {}
}
